
Microsoft Visual Studio Solution File, Format Version 12.00
# Visual Studio Version 17
VisualStudioVersion = 17.0.31903.59
MinimumVisualStudioVersion = 10.0.40219.1
Project("{FAE04EC0-301F-11D3-BF4B-00C04F79EFBC}") = "Factory", "Factory\Factory.csproj", "{EDFF5356-D3CA-412B-B8F2-6C701A01AE51}"
EndProject
Global
	GlobalSection(SolutionConfigurationPlatforms) = preSolution
		Debug|Any CPU = Debug|Any CPU
		Release|Any CPU = Release|Any CPU
	EndGlobalSection
	GlobalSection(ProjectConfigurationPlatforms) = postSolution
		{EDFF5356-D3CA-412B-B8F2-6C701A01AE51}.Debug|Any CPU.ActiveCfg = Debug|Any CPU
		{EDFF5356-D3CA-412B-B8F2-6C701A01AE51}.Debug|Any CPU.Build.0 = Debug|Any CPU
		{EDFF5356-D3CA-412B-B8F2-6C701A01AE51}.Release|Any CPU.ActiveCfg = Release|Any CPU
		{EDFF5356-D3CA-412B-B8F2-6C701A01AE51}.Release|Any CPU.Build.0 = Release|Any CPU
	EndGlobalSection
	GlobalSection(SolutionProperties) = preSolution
		HideSolutionNode = FALSE
	EndGlobalSection
	GlobalSection(ExtensibilityGlobals) = postSolution
		SolutionGuid = {F5010947-62D6-40BA-8882-F18D19088003}
	EndGlobalSection
EndGlobal
